// !$*UTF8*$!
{
	archiveVersion = 1;
	classes = {
	};
	objectVersion = 55;
	objects = {

/* Begin PBXBuildFile section */
		A31800882792272700C3E2A3 /* AppDelegate.swift in Sources */ = {isa = PBXBuildFile; fileRef = A31800872792272700C3E2A3 /* AppDelegate.swift */; };
		A318008A2792272700C3E2A3 /* SceneDelegate.swift in Sources */ = {isa = PBXBuildFile; fileRef = A31800892792272700C3E2A3 /* SceneDelegate.swift */; };
		A318008C2792272700C3E2A3 /* ViewController.swift in Sources */ = {isa = PBXBuildFile; fileRef = A318008B2792272700C3E2A3 /* ViewController.swift */; };
		A318008F2792272700C3E2A3 /* Main.storyboard in Resources */ = {isa = PBXBuildFile; fileRef = A318008D2792272700C3E2A3 /* Main.storyboard */; };
		A31800912792272900C3E2A3 /* Assets.xcassets in Resources */ = {isa = PBXBuildFile; fileRef = A31800902792272900C3E2A3 /* Assets.xcassets */; };
		A31800942792272900C3E2A3 /* LaunchScreen.storyboard in Resources */ = {isa = PBXBuildFile; fileRef = A31800922792272900C3E2A3 /* LaunchScreen.storyboard */; };
		A318009C27922B4C00C3E2A3 /* Models.swift in Sources */ = {isa = PBXBuildFile; fileRef = A318009B27922B4C00C3E2A3 /* Models.swift */; };
		A318009E279236A300C3E2A3 /* Datas.swift in Sources */ = {isa = PBXBuildFile; fileRef = A318009D279236A300C3E2A3 /* Datas.swift */; };
		A31800A02792393600C3E2A3 /* GardianCellTableViewCell.swift in Sources */ = {isa = PBXBuildFile; fileRef = A318009F2792393600C3E2A3 /* GardianCellTableViewCell.swift */; };
		A31800A22792465400C3E2A3 /* RoundBorderImage.swift in Sources */ = {isa = PBXBuildFile; fileRef = A31800A12792465400C3E2A3 /* RoundBorderImage.swift */; };
		A31800A42792493E00C3E2A3 /* DetailGardianController.swift in Sources */ = {isa = PBXBuildFile; fileRef = A31800A32792493E00C3E2A3 /* DetailGardianController.swift */; };
/* End PBXBuildFile section */

/* Begin PBXFileReference section */
		A31800842792272700C3E2A3 /* Guardians Of The Galaxy.app */ = {isa = PBXFileReference; explicitFileType = wrapper.application; includeInIndex = 0; path = "Guardians Of The Galaxy.app"; sourceTree = BUILT_PRODUCTS_DIR; };
		A31800872792272700C3E2A3 /* AppDelegate.swift */ = {isa = PBXFileReference; lastKnownFileType = sourcecode.swift; path = AppDelegate.swift; sourceTree = "<group>"; };
		A31800892792272700C3E2A3 /* SceneDelegate.swift */ = {isa = PBXFileReference; lastKnownFileType = sourcecode.swift; path = SceneDelegate.swift; sourceTree = "<group>"; };
		A318008B2792272700C3E2A3 /* ViewController.swift */ = {isa = PBXFileReference; lastKnownFileType = sourcecode.swift; path = ViewController.swift; sourceTree = "<group>"; };
		A318008E2792272700C3E2A3 /* Base */ = {isa = PBXFileReference; lastKnownFileType = file.storyboard; name = Base; path = Base.lproj/Main.storyboard; sourceTree = "<group>"; };
		A31800902792272900C3E2A3 /* Assets.xcassets */ = {isa = PBXFileReference; lastKnownFileType = folder.assetcatalog; path = Assets.xcassets; sourceTree = "<group>"; };
		A31800932792272900C3E2A3 /* Base */ = {isa = PBXFileReference; lastKnownFileType = file.storyboard; name = Base; path = Base.lproj/LaunchScreen.storyboard; sourceTree = "<group>"; };
		A31800952792272900C3E2A3 /* Info.plist */ = {isa = PBXFileReference; lastKnownFileType = text.plist.xml; path = Info.plist; sourceTree = "<group>"; };
		A318009B27922B4C00C3E2A3 /* Models.swift */ = {isa = PBXFileReference; lastKnownFileType = sourcecode.swift; path = Models.swift; sourceTree = "<group>"; };
		A318009D279236A300C3E2A3 /* Datas.swift */ = {isa = PBXFileReference; lastKnownFileType = sourcecode.swift; path = Datas.swift; sourceTree = "<group>"; };
		A318009F2792393600C3E2A3 /* GardianCellTableViewCell.swift */ = {isa = PBXFileReference; lastKnownFileType = sourcecode.swift; path = GardianCellTableViewCell.swift; sourceTree = "<group>"; };
		A31800A12792465400C3E2A3 /* RoundBorderImage.swift */ = {isa = PBXFileReference; lastKnownFileType = sourcecode.swift; path = RoundBorderImage.swift; sourceTree = "<group>"; };
		A31800A32792493E00C3E2A3 /* DetailGardianController.swift */ = {isa = PBXFileReference; lastKnownFileType = sourcecode.swift; path = DetailGardianController.swift; sourceTree = "<group>"; };
/* End PBXFileReference section */

/* Begin PBXFrameworksBuildPhase section */
		A31800812792272700C3E2A3 /* Frameworks */ = {
			isa = PBXFrameworksBuildPhase;
			buildActionMask = 2147483647;
			files = (
			);
			runOnlyForDeploymentPostprocessing = 0;
		};
/* End PBXFrameworksBuildPhase section */

/* Begin PBXGroup section */
		A318007B2792272700C3E2A3 = {
			isa = PBXGroup;
			children = (
				A31800862792272700C3E2A3 /* Guardians Of The Galaxy */,
				A31800852792272700C3E2A3 /* Products */,
			);
			sourceTree = "<group>";
		};
		A31800852792272700C3E2A3 /* Products */ = {
			isa = PBXGroup;
			children = (
				A31800842792272700C3E2A3 /* Guardians Of The Galaxy.app */,
			);
			name = Products;
			sourceTree = "<group>";
		};
		A31800862792272700C3E2A3 /* Guardians Of The Galaxy */ = {
			isa = PBXGroup;
			children = (
				A31800872792272700C3E2A3 /* AppDelegate.swift */,
				A31800892792272700C3E2A3 /* SceneDelegate.swift */,
				A318009B27922B4C00C3E2A3 /* Models.swift */,
				A318009D279236A300C3E2A3 /* Datas.swift */,
				A318008B2792272700C3E2A3 /* ViewController.swift */,
				A318009F2792393600C3E2A3 /* GardianCellTableViewCell.swift */,
				A31800A12792465400C3E2A3 /* RoundBorderImage.swift */,
				A31800A32792493E00C3E2A3 /* DetailGardianController.swift */,
				A318008D2792272700C3E2A3 /* Main.storyboard */,
				A31800922792272900C3E2A3 /* LaunchScreen.storyboard */,
				A31800902792272900C3E2A3 /* Assets.xcassets */,
				A31800952792272900C3E2A3 /* Info.plist */,
			);
			path = "Guardians Of The Galaxy";
			sourceTree = "<group>";
		};
/* End PBXGroup section */

/* Begin PBXNativeTarget section */
		A31800832792272700C3E2A3 /* Guardians Of The Galaxy */ = {
			isa = PBXNativeTarget;
			buildConfigurationList = A31800982792272900C3E2A3 /* Build configuration list for PBXNativeTarget "Guardians Of The Galaxy" */;
			buildPhases = (
				A31800802792272700C3E2A3 /* Sources */,
				A31800812792272700C3E2A3 /* Frameworks */,
				A31800822792272700C3E2A3 /* Resources */,
			);
			buildRules = (
			);
			dependencies = (
			);
			name = "Guardians Of The Galaxy";
			productName = "Guardians Of The Galaxy";
			productReference = A31800842792272700C3E2A3 /* Guardians Of The Galaxy.app */;
			productType = "com.apple.product-type.application";
		};
/* End PBXNativeTarget section */

/* Begin PBXProject section */
		A318007C2792272700C3E2A3 /* Project object */ = {
			isa = PBXProject;
			attributes = {
				BuildIndependentTargetsInParallel = 1;
				LastSwiftUpdateCheck = 1320;
				LastUpgradeCheck = 1320;
				TargetAttributes = {
					A31800832792272700C3E2A3 = {
						CreatedOnToolsVersion = 13.2.1;
					};
				};
			};
			buildConfigurationList = A318007F2792272700C3E2A3 /* Build configuration list for PBXProject "Guardians Of The Galaxy" */;
			compatibilityVersion = "Xcode 13.0";
			developmentRegion = en;
			hasScannedForEncodings = 0;
			knownRegions = (
				en,
				Base,
			);
			mainGroup = A318007B2792272700C3E2A3;
			productRefGroup = A31800852792272700C3E2A3 /* Products */;
			projectDirPath = "";
			projectRoot = "";
			targets = (
				A31800832792272700C3E2A3 /* Guardians Of The Galaxy */,
			);
		};
/* End PBXProject section */

/* Begin PBXResourcesBuildPhase section */
		A31800822792272700C3E2A3 /* Resources */ = {
			isa = PBXResourcesBuildPhase;
			buildActionMask = 2147483647;
			files = (
				A31800942792272900C3E2A3 /* LaunchScreen.storyboard in Resources */,
				A31800912792272900C3E2A3 /* Assets.xcassets in Resources */,
				A318008F2792272700C3E2A3 /* Main.storyboard in Resources */,
			);
			runOnlyForDeploymentPostprocessing = 0;
		};
/* End PBXResourcesBuildPhase section */

/* Begin PBXSourcesBuildPhase section */
		A31800802792272700C3E2A3 /* Sources */ = {
			isa = PBXSourcesBuildPhase;
			buildActionMask = 2147483647;
			files = (
				A318008C2792272700C3E2A3 /* ViewController.swift in Sources */,
				A31800882792272700C3E2A3 /* AppDelegate.swift in Sources */,
				A31800A22792465400C3E2A3 /* RoundBorderImage.swift in Sources */,
				A31800A02792393600C3E2A3 /* GardianCellTableViewCell.swift in Sources */,
				A318009E279236A300C3E2A3 /* Datas.swift in Sources */,
				A31800A42792493E00C3E2A3 /* DetailGardianController.swift in Sources */,
				A318008A2792272700C3E2A3 /* SceneDelegate.swift in Sources */,
				A318009C27922B4C00C3E2A3 /* Models.swift in Sources */,
			);
			runOnlyForDeploymentPostprocessing = 0;
		};
/* End PBXSourcesBuildPhase section */

/* Begin PBXVariantGroup section */
		A318008D2792272700C3E2A3 /* Main.storyboard */ = {
			isa = PBXVariantGroup;
			children = (
				A318008E2792272700C3E2A3 /* Base */,
			);
			name = Main.storyboard;
			sourceTree = "<group>";
		};
		A31800922792272900C3E2A3 /* LaunchScreen.storyboard */ = {
			isa = PBXVariantGroup;
			children = (
				A31800932792272900C3E2A3 /* Base */,
			);
			name = LaunchScreen.storyboard;
			sourceTree = "<group>";
		};
/* End PBXVariantGroup section */

/* Begin XCBuildConfiguration section */
		A31800962792272900C3E2A3 /* Debug */ = {
			isa = XCBuildConfiguration;
			buildSettings = {
				ALWAYS_SEARCH_USER_PATHS = NO;
				CLANG_ANALYZER_NONNULL = YES;
				CLANG_ANALYZER_NUMBER_OBJECT_CONVERSION = YES_AGGRESSIVE;
				CLANG_CXX_LANGUAGE_STANDARD = "gnu++17";
				CLANG_CXX_LIBRARY = "libc++";
				CLANG_ENABLE_MODULES = YES;
				CLANG_ENABLE_OBJC_ARC = YES;
				CLANG_ENABLE_OBJC_WEAK = YES;
				CLANG_WARN_BLOCK_CAPTURE_AUTORELEASING = YES;
				CLANG_WARN_BOOL_CONVERSION = YES;
				CLANG_WARN_COMMA = YES;
				CLANG_WARN_CONSTANT_CONVERSION = YES;
				CLANG_WARN_DEPRECATED_OBJC_IMPLEMENTATIONS = YES;
				CLANG_WARN_DIRECT_OBJC_ISA_USAGE = YES_ERROR;
				CLANG_WARN_DOCUMENTATION_COMMENTS = YES;
				CLANG_WARN_EMPTY_BODY = YES;
				CLANG_WARN_ENUM_CONVERSION = YES;
				CLANG_WARN_INFINITE_RECURSION = YES;
				CLANG_WARN_INT_CONVERSION = YES;
				CLANG_WARN_NON_LITERAL_NULL_CONVERSION = YES;
				CLANG_WARN_OBJC_IMPLICIT_RETAIN_SELF = YES;
				CLANG_WARN_OBJC_LITERAL_CONVERSION = YES;
				CLANG_WARN_OBJC_ROOT_CLASS = YES_ERROR;
				CLANG_WARN_QUOTED_INCLUDE_IN_FRAMEWORK_HEADER = YES;
				CLANG_WARN_RANGE_LOOP_ANALYSIS = YES;
				CLANG_WARN_STRICT_PROTOTYPES = YES;
				CLANG_WARN_SUSPICIOUS_MOVE = YES;
				CLANG_WARN_UNGUARDED_AVAILABILITY = YES_AGGRESSIVE;
				CLANG_WARN_UNREACHABLE_CODE = YES;
				CLANG_WARN__DUPLICATE_METHOD_MATCH = YES;
				COPY_PHASE_STRIP = NO;
				DEBUG_INFORMATION_FORMAT = dwarf;
				ENABLE_STRICT_OBJC_MSGSEND = YES;
				ENABLE_TESTABILITY = YES;
				GCC_C_LANGUAGE_STANDARD = gnu11;
				GCC_DYNAMIC_NO_PIC = NO;
				GCC_NO_COMMON_BLOCKS = YES;
				GCC_OPTIMIZATION_LEVEL = 0;
				GCC_PREPROCESSOR_DEFINITIONS = (
					"DEBUG=1",
					"$(inherited)",
				);
				GCC_WARN_64_TO_32_BIT_CONVERSION = YES;
				GCC_WARN_ABOUT_RETURN_TYPE = YES_ERROR;
				GCC_WARN_UNDECLARED_SELECTOR = YES;
				GCC_WARN_UNINITIALIZED_AUTOS = YES_AGGRESSIVE;
				GCC_WARN_UNUSED_FUNCTION = YES;
				GCC_WARN_UNUSED_VARIABLE = YES;
				IPHONEOS_DEPLOYMENT_TARGET = 15.2;
				MTL_ENABLE_DEBUG_INFO = INCLUDE_SOURCE;
				MTL_FAST_MATH = YES;
				ONLY_ACTIVE_ARCH = YES;
				SDKROOT = iphoneos;
				SWIFT_ACTIVE_COMPILATION_CONDITIONS = DEBUG;
				SWIFT_OPTIMIZATION_LEVEL = "-Onone";
			};
			name = Debug;
		};
		A31800972792272900C3E2A3 /* Release */ = {
			isa = XCBuildConfiguration;
			buildSettings = {
				ALWAYS_SEARCH_USER_PATHS = NO;
				CLANG_ANALYZER_NONNULL = YES;
				CLANG_ANALYZER_NUMBER_OBJECT_CONVERSION = YES_AGGRESSIVE;
				CLANG_CXX_LANGUAGE_STANDARD = "gnu++17";
				CLANG_CXX_LIBRARY = "libc++";
				CLANG_ENABLE_MODULES = YES;
				CLANG_ENABLE_OBJC_ARC = YES;
				CLANG_ENABLE_OBJC_WEAK = YES;
				CLANG_WARN_BLOCK_CAPTURE_AUTORELEASING = YES;
				CLANG_WARN_BOOL_CONVERSION = YES;
				CLANG_WARN_COMMA = YES;
				CLANG_WARN_CONSTANT_CONVERSION = YES;
				CLANG_WARN_DEPRECATED_OBJC_IMPLEMENTATIONS = YES;
				CLANG_WARN_DIRECT_OBJC_ISA_USAGE = YES_ERROR;
				CLANG_WARN_DOCUMENTATION_COMMENTS = YES;
				CLANG_WARN_EMPTY_BODY = YES;
				CLANG_WARN_ENUM_CONVERSION = YES;
				CLANG_WARN_INFINITE_RECURSION = YES;
				CLANG_WARN_INT_CONVERSION = YES;
				CLANG_WARN_NON_LITERAL_NULL_CONVERSION = YES;
				CLANG_WARN_OBJC_IMPLICIT_RETAIN_SELF = YES;
				CLANG_WARN_OBJC_LITERAL_CONVERSION = YES;
				CLANG_WARN_OBJC_ROOT_CLASS = YES_ERROR;
				CLANG_WARN_QUOTED_INCLUDE_IN_FRAMEWORK_HEADER = YES;
				CLANG_WARN_RANGE_LOOP_ANALYSIS = YES;
				CLANG_WARN_STRICT_PROTOTYPES = YES;
				CLANG_WARN_SUSPICIOUS_MOVE = YES;
				CLANG_WARN_UNGUARDED_AVAILABILITY = YES_AGGRESSIVE;
				CLANG_WARN_UNREACHABLE_CODE = YES;
				CLANG_WARN__DUPLICATE_METHOD_MATCH = YES;
				COPY_PHASE_STRIP = NO;
				DEBUG_INFORMATION_FORMAT = "dwarf-with-dsym";
				ENABLE_NS_ASSERTIONS = NO;
				ENABLE_STRICT_OBJC_MSGSEND = YES;
				GCC_C_LANGUAGE_STANDARD = gnu11;
				GCC_NO_COMMON_BLOCKS = YES;
				GCC_WARN_64_TO_32_BIT_CONVERSION = YES;
				GCC_WARN_ABOUT_RETURN_TYPE = YES_ERROR;
				GCC_WARN_UNDECLARED_SELECTOR = YES;
				GCC_WARN_UNINITIALIZED_AUTOS = YES_AGGRESSIVE;
				GCC_WARN_UNUSED_FUNCTION = YES;
				GCC_WARN_UNUSED_VARIABLE = YES;
				IPHONEOS_DEPLOYMENT_TARGET = 15.2;
				MTL_ENABLE_DEBUG_INFO = NO;
				MTL_FAST_MATH = YES;
				SDKROOT = iphoneos;
				SWIFT_COMPILATION_MODE = wholemodule;
				SWIFT_OPTIMIZATION_LEVEL = "-O";
				VALIDATE_PRODUCT = YES;
			};
			name = Release;
		};
		A31800992792272900C3E2A3 /* Debug */ = {
			isa = XCBuildConfiguration;
			buildSettings = {
				ASSETCATALOG_COMPILER_APPICON_NAME = AppIcon;
				ASSETCATALOG_COMPILER_GLOBAL_ACCENT_COLOR_NAME = AccentColor;
				CODE_SIGN_STYLE = Automatic;
				CURRENT_PROJECT_VERSION = 1;
				GENERATE_INFOPLIST_FILE = YES;
				INFOPLIST_FILE = "Guardians Of The Galaxy/Info.plist";
				INFOPLIST_KEY_UIApplicationSupportsIndirectInputEvents = YES;
				INFOPLIST_KEY_UILaunchStoryboardName = LaunchScreen;
				INFOPLIST_KEY_UIMainStoryboardFile = Main;
				INFOPLIST_KEY_UISupportedInterfaceOrientations_iPad = "UIInterfaceOrientationPortrait UIInterfaceOrientationPortraitUpsideDown UIInterfaceOrientationLandscapeLeft UIInterfaceOrientationLandscapeRight";
				INFOPLIST_KEY_UISupportedInterfaceOrientations_iPhone = "UIInterfaceOrientationPortrait UIInterfaceOrientationLandscapeLeft UIInterfaceOrientationLandscapeRight";
				LD_RUNPATH_SEARCH_PATHS = (
					"$(inherited)",
					"@executable_path/Frameworks",
				);
				MARKETING_VERSION = 1.0;
				PRODUCT_BUNDLE_IDENTIFIER = "Jo.Guardians-Of-The-Galaxy";
				PRODUCT_NAME = "$(TARGET_NAME)";
				SWIFT_EMIT_LOC_STRINGS = YES;
				SWIFT_VERSION = 5.0;
				TARGETED_DEVICE_FAMILY = "1,2";
			};
			name = Debug;
		};
		A318009A2792272900C3E2A3 /* Release */ = {
			isa = XCBuildConfiguration;
			buildSettings = {
				ASSETCATALOG_COMPILER_APPICON_NAME = AppIcon;
				ASSETCATALOG_COMPILER_GLOBAL_ACCENT_COLOR_NAME = AccentColor;
				CODE_SIGN_STYLE = Automatic;
				CURRENT_PROJECT_VERSION = 1;
				GENERATE_INFOPLIST_FILE = YES;
				INFOPLIST_FILE = "Guardians Of The Galaxy/Info.plist";
				INFOPLIST_KEY_UIApplicationSupportsIndirectInputEvents = YES;
				INFOPLIST_KEY_UILaunchStoryboardName = LaunchScreen;
				INFOPLIST_KEY_UIMainStoryboardFile = Main;
				INFOPLIST_KEY_UISupportedInterfaceOrientations_iPad = "UIInterfaceOrientationPortrait UIInterfaceOrientationPortraitUpsideDown UIInterfaceOrientationLandscapeLeft UIInterfaceOrientationLandscapeRight";
				INFOPLIST_KEY_UISupportedInterfaceOrientations_iPhone = "UIInterfaceOrientationPortrait UIInterfaceOrientationLandscapeLeft UIInterfaceOrientationLandscapeRight";
				LD_RUNPATH_SEARCH_PATHS = (
					"$(inherited)",
					"@executable_path/Frameworks",
				);
				MARKETING_VERSION = 1.0;
				PRODUCT_BUNDLE_IDENTIFIER = "Jo.Guardians-Of-The-Galaxy";
				PRODUCT_NAME = "$(TARGET_NAME)";
				SWIFT_EMIT_LOC_STRINGS = YES;
				SWIFT_VERSION = 5.0;
				TARGETED_DEVICE_FAMILY = "1,2";
			};
			name = Release;
		};
/* End XCBuildConfiguration section */

/* Begin XCConfigurationList section */
		A318007F2792272700C3E2A3 /* Build configuration list for PBXProject "Guardians Of The Galaxy" */ = {
			isa = XCConfigurationList;
			buildConfigurations = (
				A31800962792272900C3E2A3 /* Debug */,
				A31800972792272900C3E2A3 /* Release */,
			);
			defaultConfigurationIsVisible = 0;
			defaultConfigurationName = Release;
		};
		A31800982792272900C3E2A3 /* Build configuration list for PBXNativeTarget "Guardians Of The Galaxy" */ = {
			isa = XCConfigurationList;
			buildConfigurations = (
				A31800992792272900C3E2A3 /* Debug */,
				A318009A2792272900C3E2A3 /* Release */,
			);
			defaultConfigurationIsVisible = 0;
			defaultConfigurationName = Release;
		};
/* End XCConfigurationList section */
	};
	rootObject = A318007C2792272700C3E2A3 /* Project object */;
}
